
Microsoft Visual Studio Solution File, Format Version 12.00
# Visual Studio Version 17
VisualStudioVersion = 17.8.34322.80
MinimumVisualStudioVersion = 10.0.40219.1
Project("{FAE04EC0-301F-11D3-BF4B-00C04F79EFBC}") = "GradeCalculator", "GradeCalculator.csproj", "{72DFE9A1-A234-4799-B540-C06391FC9A21}"
EndProject
Global
	GlobalSection(SolutionConfigurationPlatforms) = preSolution
		Debug|Any CPU = Debug|Any CPU
		Release|Any CPU = Release|Any CPU
	EndGlobalSection
	GlobalSection(ProjectConfigurationPlatforms) = postSolution
		{72DFE9A1-A234-4799-B540-C06391FC9A21}.Debug|Any CPU.ActiveCfg = Debug|Any CPU
		{72DFE9A1-A234-4799-B540-C06391FC9A21}.Debug|Any CPU.Build.0 = Debug|Any CPU
		{72DFE9A1-A234-4799-B540-C06391FC9A21}.Release|Any CPU.ActiveCfg = Release|Any CPU
		{72DFE9A1-A234-4799-B540-C06391FC9A21}.Release|Any CPU.Build.0 = Release|Any CPU
	EndGlobalSection
	GlobalSection(SolutionProperties) = preSolution
		HideSolutionNode = FALSE
	EndGlobalSection
	GlobalSection(ExtensibilityGlobals) = postSolution
		SolutionGuid = {4623E1F7-93E8-410A-9984-D185C63F2AEC}
	EndGlobalSection
EndGlobal
